PODS:
  - SDRemoteImageView (0.4.0)

DEPENDENCIES:
  - SDRemoteImageView (from `../`)

EXTERNAL SOURCES:
  SDRemoteImageView:
    :path: "../"

SPEC CHECKSUMS:
  SDRemoteImageView: 80c568f4ff3ac0d3e23b427bf023e81e80b06243

PODFILE CHECKSUM: a1bc78f804304a8af7e6ac3870d1fee5a31d4e03

COCOAPODS: 1.8.4
